
Microsoft Visual Studio Solution File, Format Version 12.00
# Visual Studio Version 17
VisualStudioVersion = 17.10.35027.167
MinimumVisualStudioVersion = 10.0.40219.1
Project("{9A19103F-16F7-4668-BE54-9A1E7A4F7556}") = "MyFavoriteMusic.Api", "MyFavoriteMusic.Api\MyFavoriteMusic.Api.csproj", "{0AF7D166-3633-410B-99B0-EF2CCD4E593C}"
EndProject
Project("{9A19103F-16F7-4668-BE54-9A1E7A4F7556}") = "MyFavoriteMusic.Application", "MyFavoriteMusic.Application\MyFavoriteMusic.Application.csproj", "{A4CA23CB-BAA6-4AE4-A185-A68461617445}"
EndProject
Project("{9A19103F-16F7-4668-BE54-9A1E7A4F7556}") = "MyFavoriteMusic.Domain", "MyFavoriteMusic.Domain\MyFavoriteMusic.Domain.csproj", "{C17D8D59-594A-4DE4-A024-3AB0C5AB9B9F}"
EndProject
Project("{9A19103F-16F7-4668-BE54-9A1E7A4F7556}") = "MyFavoriteMusic.Infrastructure", "MyFavoriteMusic.Infrastructure\MyFavoriteMusic.Infrastructure.csproj", "{865A592F-8801-4E8A-9AD1-C2E060F9D9BC}"
EndProject
Project("{9A19103F-16F7-4668-BE54-9A1E7A4F7556}") = "MyFavoriteMusic.Shared", "MyFavoriteMusic.Shared\MyFavoriteMusic.Shared.csproj", "{2736665E-61AC-4D06-A01E-630644CDA0D5}"
EndProject
Global
	GlobalSection(SolutionConfigurationPlatforms) = preSolution
		Debug|Any CPU = Debug|Any CPU
		Release|Any CPU = Release|Any CPU
	EndGlobalSection
	GlobalSection(ProjectConfigurationPlatforms) = postSolution
		{0AF7D166-3633-410B-99B0-EF2CCD4E593C}.Debug|Any CPU.ActiveCfg = Debug|Any CPU
		{0AF7D166-3633-410B-99B0-EF2CCD4E593C}.Debug|Any CPU.Build.0 = Debug|Any CPU
		{0AF7D166-3633-410B-99B0-EF2CCD4E593C}.Release|Any CPU.ActiveCfg = Release|Any CPU
		{0AF7D166-3633-410B-99B0-EF2CCD4E593C}.Release|Any CPU.Build.0 = Release|Any CPU
		{A4CA23CB-BAA6-4AE4-A185-A68461617445}.Debug|Any CPU.ActiveCfg = Debug|Any CPU
		{A4CA23CB-BAA6-4AE4-A185-A68461617445}.Debug|Any CPU.Build.0 = Debug|Any CPU
		{A4CA23CB-BAA6-4AE4-A185-A68461617445}.Release|Any CPU.ActiveCfg = Release|Any CPU
		{A4CA23CB-BAA6-4AE4-A185-A68461617445}.Release|Any CPU.Build.0 = Release|Any CPU
		{C17D8D59-594A-4DE4-A024-3AB0C5AB9B9F}.Debug|Any CPU.ActiveCfg = Debug|Any CPU
		{C17D8D59-594A-4DE4-A024-3AB0C5AB9B9F}.Debug|Any CPU.Build.0 = Debug|Any CPU
		{C17D8D59-594A-4DE4-A024-3AB0C5AB9B9F}.Release|Any CPU.ActiveCfg = Release|Any CPU
		{C17D8D59-594A-4DE4-A024-3AB0C5AB9B9F}.Release|Any CPU.Build.0 = Release|Any CPU
		{865A592F-8801-4E8A-9AD1-C2E060F9D9BC}.Debug|Any CPU.ActiveCfg = Debug|Any CPU
		{865A592F-8801-4E8A-9AD1-C2E060F9D9BC}.Debug|Any CPU.Build.0 = Debug|Any CPU
		{865A592F-8801-4E8A-9AD1-C2E060F9D9BC}.Release|Any CPU.ActiveCfg = Release|Any CPU
		{865A592F-8801-4E8A-9AD1-C2E060F9D9BC}.Release|Any CPU.Build.0 = Release|Any CPU
		{2736665E-61AC-4D06-A01E-630644CDA0D5}.Debug|Any CPU.ActiveCfg = Debug|Any CPU
		{2736665E-61AC-4D06-A01E-630644CDA0D5}.Debug|Any CPU.Build.0 = Debug|Any CPU
		{2736665E-61AC-4D06-A01E-630644CDA0D5}.Release|Any CPU.ActiveCfg = Release|Any CPU
		{2736665E-61AC-4D06-A01E-630644CDA0D5}.Release|Any CPU.Build.0 = Release|Any CPU
	EndGlobalSection
	GlobalSection(SolutionProperties) = preSolution
		HideSolutionNode = FALSE
	EndGlobalSection
	GlobalSection(ExtensibilityGlobals) = postSolution
		SolutionGuid = {D5CBC04F-0490-42CD-8B33-244E91EFDF1D}
	EndGlobalSection
EndGlobal
